// !$*UTF8*$!
{
	archiveVersion = 1;
	classes = {
	};
	objectVersion = 50;
	objects = {

/* Begin PBXBuildFile section */
		1774BE1F24A06C3200E7BB82 /* AppDelegate.swift in Sources */ = {isa = PBXBuildFile; fileRef = 1774BE1E24A06C3200E7BB82 /* AppDelegate.swift */; };
		1774BE2124A06C3200E7BB82 /* SceneDelegate.swift in Sources */ = {isa = PBXBuildFile; fileRef = 1774BE2024A06C3200E7BB82 /* SceneDelegate.swift */; };
		1774BE2324A06C3200E7BB82 /* ViewController.swift in Sources */ = {isa = PBXBuildFile; fileRef = 1774BE2224A06C3200E7BB82 /* ViewController.swift */; };
		1774BE2624A06C3200E7BB82 /* Main.storyboard in Resources */ = {isa = PBXBuildFile; fileRef = 1774BE2424A06C3200E7BB82 /* Main.storyboard */; };
		1774BE2924A06C3200E7BB82 /* JavierNieto_PersistentDataApp2.xcdatamodeld in Sources */ = {isa = PBXBuildFile; fileRef = 1774BE2724A06C3200E7BB82 /* JavierNieto_PersistentDataApp2.xcdatamodeld */; };
		1774BE2B24A06C3700E7BB82 /* Assets.xcassets in Resources */ = {isa = PBXBuildFile; fileRef = 1774BE2A24A06C3700E7BB82 /* Assets.xcassets */; };
		1774BE2E24A06C3700E7BB82 /* LaunchScreen.storyboard in Resources */ = {isa = PBXBuildFile; fileRef = 1774BE2C24A06C3700E7BB82 /* LaunchScreen.storyboard */; };
/* End PBXBuildFile section */

/* Begin PBXFileReference section */
		1774BE1B24A06C3200E7BB82 /* JavierNieto_PersistentDataApp2.app */ = {isa = PBXFileReference; explicitFileType = wrapper.application; includeInIndex = 0; path = JavierNieto_PersistentDataApp2.app; sourceTree = BUILT_PRODUCTS_DIR; };
		1774BE1E24A06C3200E7BB82 /* AppDelegate.swift */ = {isa = PBXFileReference; lastKnownFileType = sourcecode.swift; path = AppDelegate.swift; sourceTree = "<group>"; };
		1774BE2024A06C3200E7BB82 /* SceneDelegate.swift */ = {isa = PBXFileReference; lastKnownFileType = sourcecode.swift; path = SceneDelegate.swift; sourceTree = "<group>"; };
		1774BE2224A06C3200E7BB82 /* ViewController.swift */ = {isa = PBXFileReference; lastKnownFileType = sourcecode.swift; path = ViewController.swift; sourceTree = "<group>"; };
		1774BE2524A06C3200E7BB82 /* Base */ = {isa = PBXFileReference; lastKnownFileType = file.storyboard; name = Base; path = Base.lproj/Main.storyboard; sourceTree = "<group>"; };
		1774BE2824A06C3200E7BB82 /* JavierNieto_PersistentDataApp2.xcdatamodel */ = {isa = PBXFileReference; lastKnownFileType = wrapper.xcdatamodel; path = JavierNieto_PersistentDataApp2.xcdatamodel; sourceTree = "<group>"; };
		1774BE2A24A06C3700E7BB82 /* Assets.xcassets */ = {isa = PBXFileReference; lastKnownFileType = folder.assetcatalog; path = Assets.xcassets; sourceTree = "<group>"; };
		1774BE2D24A06C3700E7BB82 /* Base */ = {isa = PBXFileReference; lastKnownFileType = file.storyboard; name = Base; path = Base.lproj/LaunchScreen.storyboard; sourceTree = "<group>"; };
		1774BE2F24A06C3700E7BB82 /* Info.plist */ = {isa = PBXFileReference; lastKnownFileType = text.plist.xml; path = Info.plist; sourceTree = "<group>"; };
/* End PBXFileReference section */

/* Begin PBXFrameworksBuildPhase section */
		1774BE1824A06C3200E7BB82 /* Frameworks */ = {
			isa = PBXFrameworksBuildPhase;
			buildActionMask = 2147483647;
			files = (
			);
			runOnlyForDeploymentPostprocessing = 0;
		};
/* End PBXFrameworksBuildPhase section */

/* Begin PBXGroup section */
		1774BE1224A06C3200E7BB82 = {
			isa = PBXGroup;
			children = (
				1774BE1D24A06C3200E7BB82 /* JavierNieto_PersistentDataApp2 */,
				1774BE1C24A06C3200E7BB82 /* Products */,
			);
			sourceTree = "<group>";
		};
		1774BE1C24A06C3200E7BB82 /* Products */ = {
			isa = PBXGroup;
			children = (
				1774BE1B24A06C3200E7BB82 /* JavierNieto_PersistentDataApp2.app */,
			);
			name = Products;
			sourceTree = "<group>";
		};
		1774BE1D24A06C3200E7BB82 /* JavierNieto_PersistentDataApp2 */ = {
			isa = PBXGroup;
			children = (
				1774BE1E24A06C3200E7BB82 /* AppDelegate.swift */,
				1774BE2024A06C3200E7BB82 /* SceneDelegate.swift */,
				1774BE2224A06C3200E7BB82 /* ViewController.swift */,
				1774BE2424A06C3200E7BB82 /* Main.storyboard */,
				1774BE2A24A06C3700E7BB82 /* Assets.xcassets */,
				1774BE2C24A06C3700E7BB82 /* LaunchScreen.storyboard */,
				1774BE2F24A06C3700E7BB82 /* Info.plist */,
				1774BE2724A06C3200E7BB82 /* JavierNieto_PersistentDataApp2.xcdatamodeld */,
			);
			path = JavierNieto_PersistentDataApp2;
			sourceTree = "<group>";
		};
/* End PBXGroup section */

/* Begin PBXNativeTarget section */
		1774BE1A24A06C3200E7BB82 /* JavierNieto_PersistentDataApp2 */ = {
			isa = PBXNativeTarget;
			buildConfigurationList = 1774BE3224A06C3700E7BB82 /* Build configuration list for PBXNativeTarget "JavierNieto_PersistentDataApp2" */;
			buildPhases = (
				1774BE1724A06C3200E7BB82 /* Sources */,
				1774BE1824A06C3200E7BB82 /* Frameworks */,
				1774BE1924A06C3200E7BB82 /* Resources */,
			);
			buildRules = (
			);
			dependencies = (
			);
			name = JavierNieto_PersistentDataApp2;
			productName = JavierNieto_PersistentDataApp2;
			productReference = 1774BE1B24A06C3200E7BB82 /* JavierNieto_PersistentDataApp2.app */;
			productType = "com.apple.product-type.application";
		};
/* End PBXNativeTarget section */

/* Begin PBXProject section */
		1774BE1324A06C3200E7BB82 /* Project object */ = {
			isa = PBXProject;
			attributes = {
				LastSwiftUpdateCheck = 1150;
				LastUpgradeCheck = 1150;
				ORGANIZATIONNAME = X;
				TargetAttributes = {
					1774BE1A24A06C3200E7BB82 = {
						CreatedOnToolsVersion = 11.5;
					};
				};
			};
			buildConfigurationList = 1774BE1624A06C3200E7BB82 /* Build configuration list for PBXProject "JavierNieto_PersistentDataApp2" */;
			compatibilityVersion = "Xcode 9.3";
			developmentRegion = en;
			hasScannedForEncodings = 0;
			knownRegions = (
				en,
				Base,
			);
			mainGroup = 1774BE1224A06C3200E7BB82;
			productRefGroup = 1774BE1C24A06C3200E7BB82 /* Products */;
			projectDirPath = "";
			projectRoot = "";
			targets = (
				1774BE1A24A06C3200E7BB82 /* JavierNieto_PersistentDataApp2 */,
			);
		};
/* End PBXProject section */

/* Begin PBXResourcesBuildPhase section */
		1774BE1924A06C3200E7BB82 /* Resources */ = {
			isa = PBXResourcesBuildPhase;
			buildActionMask = 2147483647;
			files = (
				1774BE2E24A06C3700E7BB82 /* LaunchScreen.storyboard in Resources */,
				1774BE2B24A06C3700E7BB82 /* Assets.xcassets in Resources */,
				1774BE2624A06C3200E7BB82 /* Main.storyboard in Resources */,
			);
			runOnlyForDeploymentPostprocessing = 0;
		};
/* End PBXResourcesBuildPhase section */

/* Begin PBXSourcesBuildPhase section */
		1774BE1724A06C3200E7BB82 /* Sources */ = {
			isa = PBXSourcesBuildPhase;
			buildActionMask = 2147483647;
			files = (
				1774BE2924A06C3200E7BB82 /* JavierNieto_PersistentDataApp2.xcdatamodeld in Sources */,
				1774BE2324A06C3200E7BB82 /* ViewController.swift in Sources */,
				1774BE1F24A06C3200E7BB82 /* AppDelegate.swift in Sources */,
				1774BE2124A06C3200E7BB82 /* SceneDelegate.swift in Sources */,
			);
			runOnlyForDeploymentPostprocessing = 0;
		};
/* End PBXSourcesBuildPhase section */

/* Begin PBXVariantGroup section */
		1774BE2424A06C3200E7BB82 /* Main.storyboard */ = {
			isa = PBXVariantGroup;
			children = (
				1774BE2524A06C3200E7BB82 /* Base */,
			);
			name = Main.storyboard;
			sourceTree = "<group>";
		};
		1774BE2C24A06C3700E7BB82 /* LaunchScreen.storyboard */ = {
			isa = PBXVariantGroup;
			children = (
				1774BE2D24A06C3700E7BB82 /* Base */,
			);
			name = LaunchScreen.storyboard;
			sourceTree = "<group>";
		};
/* End PBXVariantGroup section */

/* Begin XCBuildConfiguration section */
		1774BE3024A06C3700E7BB82 /* Debug */ = {
			isa = XCBuildConfiguration;
			buildSettings = {
				ALWAYS_SEARCH_USER_PATHS = NO;
				CLANG_ANALYZER_NONNULL = YES;
				CLANG_ANALYZER_NUMBER_OBJECT_CONVERSION = YES_AGGRESSIVE;
				CLANG_CXX_LANGUAGE_STANDARD = "gnu++14";
				CLANG_CXX_LIBRARY = "libc++";
				CLANG_ENABLE_MODULES = YES;
				CLANG_ENABLE_OBJC_ARC = YES;
				CLANG_ENABLE_OBJC_WEAK = YES;
				CLANG_WARN_BLOCK_CAPTURE_AUTORELEASING = YES;
				CLANG_WARN_BOOL_CONVERSION = YES;
				CLANG_WARN_COMMA = YES;
				CLANG_WARN_CONSTANT_CONVERSION = YES;
				CLANG_WARN_DEPRECATED_OBJC_IMPLEMENTATIONS = YES;
				CLANG_WARN_DIRECT_OBJC_ISA_USAGE = YES_ERROR;
				CLANG_WARN_DOCUMENTATION_COMMENTS = YES;
				CLANG_WARN_EMPTY_BODY = YES;
				CLANG_WARN_ENUM_CONVERSION = YES;
				CLANG_WARN_INFINITE_RECURSION = YES;
				CLANG_WARN_INT_CONVERSION = YES;
				CLANG_WARN_NON_LITERAL_NULL_CONVERSION = YES;
				CLANG_WARN_OBJC_IMPLICIT_RETAIN_SELF = YES;
				CLANG_WARN_OBJC_LITERAL_CONVERSION = YES;
				CLANG_WARN_OBJC_ROOT_CLASS = YES_ERROR;
				CLANG_WARN_RANGE_LOOP_ANALYSIS = YES;
				CLANG_WARN_STRICT_PROTOTYPES = YES;
				CLANG_WARN_SUSPICIOUS_MOVE = YES;
				CLANG_WARN_UNGUARDED_AVAILABILITY = YES_AGGRESSIVE;
				CLANG_WARN_UNREACHABLE_CODE = YES;
				CLANG_WARN__DUPLICATE_METHOD_MATCH = YES;
				COPY_PHASE_STRIP = NO;
				DEBUG_INFORMATION_FORMAT = dwarf;
				ENABLE_STRICT_OBJC_MSGSEND = YES;
				ENABLE_TESTABILITY = YES;
				GCC_C_LANGUAGE_STANDARD = gnu11;
				GCC_DYNAMIC_NO_PIC = NO;
				GCC_NO_COMMON_BLOCKS = YES;
				GCC_OPTIMIZATION_LEVEL = 0;
				GCC_PREPROCESSOR_DEFINITIONS = (
					"DEBUG=1",
					"$(inherited)",
				);
				GCC_WARN_64_TO_32_BIT_CONVERSION = YES;
				GCC_WARN_ABOUT_RETURN_TYPE = YES_ERROR;
				GCC_WARN_UNDECLARED_SELECTOR = YES;
				GCC_WARN_UNINITIALIZED_AUTOS = YES_AGGRESSIVE;
				GCC_WARN_UNUSED_FUNCTION = YES;
				GCC_WARN_UNUSED_VARIABLE = YES;
				IPHONEOS_DEPLOYMENT_TARGET = 13.5;
				MTL_ENABLE_DEBUG_INFO = INCLUDE_SOURCE;
				MTL_FAST_MATH = YES;
				ONLY_ACTIVE_ARCH = YES;
				SDKROOT = iphoneos;
				SWIFT_ACTIVE_COMPILATION_CONDITIONS = DEBUG;
				SWIFT_OPTIMIZATION_LEVEL = "-Onone";
			};
			name = Debug;
		};
		1774BE3124A06C3700E7BB82 /* Release */ = {
			isa = XCBuildConfiguration;
			buildSettings = {
				ALWAYS_SEARCH_USER_PATHS = NO;
				CLANG_ANALYZER_NONNULL = YES;
				CLANG_ANALYZER_NUMBER_OBJECT_CONVERSION = YES_AGGRESSIVE;
				CLANG_CXX_LANGUAGE_STANDARD = "gnu++14";
				CLANG_CXX_LIBRARY = "libc++";
				CLANG_ENABLE_MODULES = YES;
				CLANG_ENABLE_OBJC_ARC = YES;
				CLANG_ENABLE_OBJC_WEAK = YES;
				CLANG_WARN_BLOCK_CAPTURE_AUTORELEASING = YES;
				CLANG_WARN_BOOL_CONVERSION = YES;
				CLANG_WARN_COMMA = YES;
				CLANG_WARN_CONSTANT_CONVERSION = YES;
				CLANG_WARN_DEPRECATED_OBJC_IMPLEMENTATIONS = YES;
				CLANG_WARN_DIRECT_OBJC_ISA_USAGE = YES_ERROR;
				CLANG_WARN_DOCUMENTATION_COMMENTS = YES;
				CLANG_WARN_EMPTY_BODY = YES;
				CLANG_WARN_ENUM_CONVERSION = YES;
				CLANG_WARN_INFINITE_RECURSION = YES;
				CLANG_WARN_INT_CONVERSION = YES;
				CLANG_WARN_NON_LITERAL_NULL_CONVERSION = YES;
				CLANG_WARN_OBJC_IMPLICIT_RETAIN_SELF = YES;
				CLANG_WARN_OBJC_LITERAL_CONVERSION = YES;
				CLANG_WARN_OBJC_ROOT_CLASS = YES_ERROR;
				CLANG_WARN_RANGE_LOOP_ANALYSIS = YES;
				CLANG_WARN_STRICT_PROTOTYPES = YES;
				CLANG_WARN_SUSPICIOUS_MOVE = YES;
				CLANG_WARN_UNGUARDED_AVAILABILITY = YES_AGGRESSIVE;
				CLANG_WARN_UNREACHABLE_CODE = YES;
				CLANG_WARN__DUPLICATE_METHOD_MATCH = YES;
				COPY_PHASE_STRIP = NO;
				DEBUG_INFORMATION_FORMAT = "dwarf-with-dsym";
				ENABLE_NS_ASSERTIONS = NO;
				ENABLE_STRICT_OBJC_MSGSEND = YES;
				GCC_C_LANGUAGE_STANDARD = gnu11;
				GCC_NO_COMMON_BLOCKS = YES;
				GCC_WARN_64_TO_32_BIT_CONVERSION = YES;
				GCC_WARN_ABOUT_RETURN_TYPE = YES_ERROR;
				GCC_WARN_UNDECLARED_SELECTOR = YES;
				GCC_WARN_UNINITIALIZED_AUTOS = YES_AGGRESSIVE;
				GCC_WARN_UNUSED_FUNCTION = YES;
				GCC_WARN_UNUSED_VARIABLE = YES;
				IPHONEOS_DEPLOYMENT_TARGET = 13.5;
				MTL_ENABLE_DEBUG_INFO = NO;
				MTL_FAST_MATH = YES;
				SDKROOT = iphoneos;
				SWIFT_COMPILATION_MODE = wholemodule;
				SWIFT_OPTIMIZATION_LEVEL = "-O";
				VALIDATE_PRODUCT = YES;
			};
			name = Release;
		};
		1774BE3324A06C3700E7BB82 /* Debug */ = {
			isa = XCBuildConfiguration;
			buildSettings = {
				ASSETCATALOG_COMPILER_APPICON_NAME = AppIcon;
				CODE_SIGN_STYLE = Automatic;
				DEVELOPMENT_TEAM = HTVQUEC9JF;
				INFOPLIST_FILE = JavierNieto_PersistentDataApp2/Info.plist;
				LD_RUNPATH_SEARCH_PATHS = (
					"$(inherited)",
					"@executable_path/Frameworks",
				);
				PRODUCT_BUNDLE_IDENTIFIER = "VoniOS.JavierNieto-PersistentDataApp2";
				PRODUCT_NAME = "$(TARGET_NAME)";
				SWIFT_VERSION = 5.0;
				TARGETED_DEVICE_FAMILY = "1,2";
			};
			name = Debug;
		};
		1774BE3424A06C3700E7BB82 /* Release */ = {
			isa = XCBuildConfiguration;
			buildSettings = {
				ASSETCATALOG_COMPILER_APPICON_NAME = AppIcon;
				CODE_SIGN_STYLE = Automatic;
				DEVELOPMENT_TEAM = HTVQUEC9JF;
				INFOPLIST_FILE = JavierNieto_PersistentDataApp2/Info.plist;
				LD_RUNPATH_SEARCH_PATHS = (
					"$(inherited)",
					"@executable_path/Frameworks",
				);
				PRODUCT_BUNDLE_IDENTIFIER = "VoniOS.JavierNieto-PersistentDataApp2";
				PRODUCT_NAME = "$(TARGET_NAME)";
				SWIFT_VERSION = 5.0;
				TARGETED_DEVICE_FAMILY = "1,2";
			};
			name = Release;
		};
/* End XCBuildConfiguration section */

/* Begin XCConfigurationList section */
		1774BE1624A06C3200E7BB82 /* Build configuration list for PBXProject "JavierNieto_PersistentDataApp2" */ = {
			isa = XCConfigurationList;
			buildConfigurations = (
				1774BE3024A06C3700E7BB82 /* Debug */,
				1774BE3124A06C3700E7BB82 /* Release */,
			);
			defaultConfigurationIsVisible = 0;
			defaultConfigurationName = Release;
		};
		1774BE3224A06C3700E7BB82 /* Build configuration list for PBXNativeTarget "JavierNieto_PersistentDataApp2" */ = {
			isa = XCConfigurationList;
			buildConfigurations = (
				1774BE3324A06C3700E7BB82 /* Debug */,
				1774BE3424A06C3700E7BB82 /* Release */,
			);
			defaultConfigurationIsVisible = 0;
			defaultConfigurationName = Release;
		};
/* End XCConfigurationList section */

/* Begin XCVersionGroup section */
		1774BE2724A06C3200E7BB82 /* JavierNieto_PersistentDataApp2.xcdatamodeld */ = {
			isa = XCVersionGroup;
			children = (
				1774BE2824A06C3200E7BB82 /* JavierNieto_PersistentDataApp2.xcdatamodel */,
			);
			currentVersion = 1774BE2824A06C3200E7BB82 /* JavierNieto_PersistentDataApp2.xcdatamodel */;
			path = JavierNieto_PersistentDataApp2.xcdatamodeld;
			sourceTree = "<group>";
			versionGroupType = wrapper.xcdatamodel;
		};
/* End XCVersionGroup section */
	};
	rootObject = 1774BE1324A06C3200E7BB82 /* Project object */;
}
